// !$*UTF8*$!
{
	archiveVersion = 1;
	classes = {
	};
	objectVersion = 46;
	objects = {

/* Begin PBXBuildFile section */
		7727B22A1D3DEC30007617CF /* AppDelegate.swift in Sources */ = {isa = PBXBuildFile; fileRef = 7727B2291D3DEC30007617CF /* AppDelegate.swift */; };
		7727B22F1D3DEC30007617CF /* Main.storyboard in Resources */ = {isa = PBXBuildFile; fileRef = 7727B22D1D3DEC30007617CF /* Main.storyboard */; };
		7727B2311D3DEC30007617CF /* Assets.xcassets in Resources */ = {isa = PBXBuildFile; fileRef = 7727B2301D3DEC30007617CF /* Assets.xcassets */; };
		7727B2341D3DEC30007617CF /* LaunchScreen.storyboard in Resources */ = {isa = PBXBuildFile; fileRef = 7727B2321D3DEC30007617CF /* LaunchScreen.storyboard */; };
		7727B23C1D3DEC80007617CF /* TableViewController.swift in Sources */ = {isa = PBXBuildFile; fileRef = 7727B23B1D3DEC80007617CF /* TableViewController.swift */; };
		7727B23E1D3DF4F2007617CF /* Photo.swift in Sources */ = {isa = PBXBuildFile; fileRef = 7727B23D1D3DF4F2007617CF /* Photo.swift */; };
		7727B2401D3E1729007617CF /* PhotoTableViewCell.swift in Sources */ = {isa = PBXBuildFile; fileRef = 7727B23F1D3E1729007617CF /* PhotoTableViewCell.swift */; };
/* End PBXBuildFile section */

/* Begin PBXFileReference section */
		7727B2261D3DEC30007617CF /* TableViewHey.app */ = {isa = PBXFileReference; explicitFileType = wrapper.application; includeInIndex = 0; path = TableViewHey.app; sourceTree = BUILT_PRODUCTS_DIR; };
		7727B2291D3DEC30007617CF /* AppDelegate.swift */ = {isa = PBXFileReference; lastKnownFileType = sourcecode.swift; path = AppDelegate.swift; sourceTree = "<group>"; };
		7727B22E1D3DEC30007617CF /* Base */ = {isa = PBXFileReference; lastKnownFileType = file.storyboard; name = Base; path = Base.lproj/Main.storyboard; sourceTree = "<group>"; };
		7727B2301D3DEC30007617CF /* Assets.xcassets */ = {isa = PBXFileReference; lastKnownFileType = folder.assetcatalog; path = Assets.xcassets; sourceTree = "<group>"; };
		7727B2331D3DEC30007617CF /* Base */ = {isa = PBXFileReference; lastKnownFileType = file.storyboard; name = Base; path = Base.lproj/LaunchScreen.storyboard; sourceTree = "<group>"; };
		7727B2351D3DEC30007617CF /* Info.plist */ = {isa = PBXFileReference; lastKnownFileType = text.plist.xml; path = Info.plist; sourceTree = "<group>"; };
		7727B23B1D3DEC80007617CF /* TableViewController.swift */ = {isa = PBXFileReference; fileEncoding = 4; lastKnownFileType = sourcecode.swift; path = TableViewController.swift; sourceTree = "<group>"; };
		7727B23D1D3DF4F2007617CF /* Photo.swift */ = {isa = PBXFileReference; fileEncoding = 4; lastKnownFileType = sourcecode.swift; path = Photo.swift; sourceTree = "<group>"; };
		7727B23F1D3E1729007617CF /* PhotoTableViewCell.swift */ = {isa = PBXFileReference; fileEncoding = 4; lastKnownFileType = sourcecode.swift; path = PhotoTableViewCell.swift; sourceTree = "<group>"; };
/* End PBXFileReference section */

/* Begin PBXFrameworksBuildPhase section */
		7727B2231D3DEC30007617CF /* Frameworks */ = {
			isa = PBXFrameworksBuildPhase;
			buildActionMask = 2147483647;
			files = (
			);
			runOnlyForDeploymentPostprocessing = 0;
		};
/* End PBXFrameworksBuildPhase section */

/* Begin PBXGroup section */
		7727B21D1D3DEC30007617CF = {
			isa = PBXGroup;
			children = (
				7727B2281D3DEC30007617CF /* TableViewHey */,
				7727B2271D3DEC30007617CF /* Products */,
			);
			sourceTree = "<group>";
		};
		7727B2271D3DEC30007617CF /* Products */ = {
			isa = PBXGroup;
			children = (
				7727B2261D3DEC30007617CF /* TableViewHey.app */,
			);
			name = Products;
			sourceTree = "<group>";
		};
		7727B2281D3DEC30007617CF /* TableViewHey */ = {
			isa = PBXGroup;
			children = (
				7727B2291D3DEC30007617CF /* AppDelegate.swift */,
				7727B23B1D3DEC80007617CF /* TableViewController.swift */,
				7727B23F1D3E1729007617CF /* PhotoTableViewCell.swift */,
				7727B23D1D3DF4F2007617CF /* Photo.swift */,
				7727B22D1D3DEC30007617CF /* Main.storyboard */,
				7727B2301D3DEC30007617CF /* Assets.xcassets */,
				7727B2321D3DEC30007617CF /* LaunchScreen.storyboard */,
				7727B2351D3DEC30007617CF /* Info.plist */,
			);
			path = TableViewHey;
			sourceTree = "<group>";
		};
/* End PBXGroup section */

/* Begin PBXNativeTarget section */
		7727B2251D3DEC30007617CF /* TableViewHey */ = {
			isa = PBXNativeTarget;
			buildConfigurationList = 7727B2381D3DEC30007617CF /* Build configuration list for PBXNativeTarget "TableViewHey" */;
			buildPhases = (
				7727B2221D3DEC30007617CF /* Sources */,
				7727B2231D3DEC30007617CF /* Frameworks */,
				7727B2241D3DEC30007617CF /* Resources */,
			);
			buildRules = (
			);
			dependencies = (
			);
			name = TableViewHey;
			productName = TableViewHey;
			productReference = 7727B2261D3DEC30007617CF /* TableViewHey.app */;
			productType = "com.apple.product-type.application";
		};
/* End PBXNativeTarget section */

/* Begin PBXProject section */
		7727B21E1D3DEC30007617CF /* Project object */ = {
			isa = PBXProject;
			attributes = {
				LastSwiftUpdateCheck = 0730;
				LastUpgradeCheck = 0730;
				ORGANIZATIONNAME = test;
				TargetAttributes = {
					7727B2251D3DEC30007617CF = {
						CreatedOnToolsVersion = 7.3.1;
					};
				};
			};
			buildConfigurationList = 7727B2211D3DEC30007617CF /* Build configuration list for PBXProject "TableViewHey" */;
			compatibilityVersion = "Xcode 3.2";
			developmentRegion = English;
			hasScannedForEncodings = 0;
			knownRegions = (
				en,
				Base,
			);
			mainGroup = 7727B21D1D3DEC30007617CF;
			productRefGroup = 7727B2271D3DEC30007617CF /* Products */;
			projectDirPath = "";
			projectRoot = "";
			targets = (
				7727B2251D3DEC30007617CF /* TableViewHey */,
			);
		};
/* End PBXProject section */

/* Begin PBXResourcesBuildPhase section */
		7727B2241D3DEC30007617CF /* Resources */ = {
			isa = PBXResourcesBuildPhase;
			buildActionMask = 2147483647;
			files = (
				7727B2341D3DEC30007617CF /* LaunchScreen.storyboard in Resources */,
				7727B2311D3DEC30007617CF /* Assets.xcassets in Resources */,
				7727B22F1D3DEC30007617CF /* Main.storyboard in Resources */,
			);
			runOnlyForDeploymentPostprocessing = 0;
		};
/* End PBXResourcesBuildPhase section */

/* Begin PBXSourcesBuildPhase section */
		7727B2221D3DEC30007617CF /* Sources */ = {
			isa = PBXSourcesBuildPhase;
			buildActionMask = 2147483647;
			files = (
				7727B2401D3E1729007617CF /* PhotoTableViewCell.swift in Sources */,
				7727B23E1D3DF4F2007617CF /* Photo.swift in Sources */,
				7727B23C1D3DEC80007617CF /* TableViewController.swift in Sources */,
				7727B22A1D3DEC30007617CF /* AppDelegate.swift in Sources */,
			);
			runOnlyForDeploymentPostprocessing = 0;
		};
/* End PBXSourcesBuildPhase section */

/* Begin PBXVariantGroup section */
		7727B22D1D3DEC30007617CF /* Main.storyboard */ = {
			isa = PBXVariantGroup;
			children = (
				7727B22E1D3DEC30007617CF /* Base */,
			);
			name = Main.storyboard;
			sourceTree = "<group>";
		};
		7727B2321D3DEC30007617CF /* LaunchScreen.storyboard */ = {
			isa = PBXVariantGroup;
			children = (
				7727B2331D3DEC30007617CF /* Base */,
			);
			name = LaunchScreen.storyboard;
			sourceTree = "<group>";
		};
/* End PBXVariantGroup section */

/* Begin XCBuildConfiguration section */
		7727B2361D3DEC30007617CF /* Debug */ = {
			isa = XCBuildConfiguration;
			buildSettings = {
				ALWAYS_SEARCH_USER_PATHS = NO;
				CLANG_ANALYZER_NONNULL = YES;
				CLANG_CXX_LANGUAGE_STANDARD = "gnu++0x";
				CLANG_CXX_LIBRARY = "libc++";
				CLANG_ENABLE_MODULES = YES;
				CLANG_ENABLE_OBJC_ARC = YES;
				CLANG_WARN_BOOL_CONVERSION = YES;
				CLANG_WARN_CONSTANT_CONVERSION = YES;
				CLANG_WARN_DIRECT_OBJC_ISA_USAGE = YES_ERROR;
				CLANG_WARN_EMPTY_BODY = YES;
				CLANG_WARN_ENUM_CONVERSION = YES;
				CLANG_WARN_INT_CONVERSION = YES;
				CLANG_WARN_OBJC_ROOT_CLASS = YES_ERROR;
				CLANG_WARN_UNREACHABLE_CODE = YES;
				CLANG_WARN__DUPLICATE_METHOD_MATCH = YES;
				"CODE_SIGN_IDENTITY[sdk=iphoneos*]" = "iPhone Developer";
				COPY_PHASE_STRIP = NO;
				DEBUG_INFORMATION_FORMAT = dwarf;
				ENABLE_STRICT_OBJC_MSGSEND = YES;
				ENABLE_TESTABILITY = YES;
				GCC_C_LANGUAGE_STANDARD = gnu99;
				GCC_DYNAMIC_NO_PIC = NO;
				GCC_NO_COMMON_BLOCKS = YES;
				GCC_OPTIMIZATION_LEVEL = 0;
				GCC_PREPROCESSOR_DEFINITIONS = (
					"DEBUG=1",
					"$(inherited)",
				);
				GCC_WARN_64_TO_32_BIT_CONVERSION = YES;
				GCC_WARN_ABOUT_RETURN_TYPE = YES_ERROR;
				GCC_WARN_UNDECLARED_SELECTOR = YES;
				GCC_WARN_UNINITIALIZED_AUTOS = YES_AGGRESSIVE;
				GCC_WARN_UNUSED_FUNCTION = YES;
				GCC_WARN_UNUSED_VARIABLE = YES;
				IPHONEOS_DEPLOYMENT_TARGET = 9.3;
				MTL_ENABLE_DEBUG_INFO = YES;
				ONLY_ACTIVE_ARCH = YES;
				SDKROOT = iphoneos;
				SWIFT_OPTIMIZATION_LEVEL = "-Onone";
				TARGETED_DEVICE_FAMILY = "1,2";
			};
			name = Debug;
		};
		7727B2371D3DEC30007617CF /* Release */ = {
			isa = XCBuildConfiguration;
			buildSettings = {
				ALWAYS_SEARCH_USER_PATHS = NO;
				CLANG_ANALYZER_NONNULL = YES;
				CLANG_CXX_LANGUAGE_STANDARD = "gnu++0x";
				CLANG_CXX_LIBRARY = "libc++";
				CLANG_ENABLE_MODULES = YES;
				CLANG_ENABLE_OBJC_ARC = YES;
				CLANG_WARN_BOOL_CONVERSION = YES;
				CLANG_WARN_CONSTANT_CONVERSION = YES;
				CLANG_WARN_DIRECT_OBJC_ISA_USAGE = YES_ERROR;
				CLANG_WARN_EMPTY_BODY = YES;
				CLANG_WARN_ENUM_CONVERSION = YES;
				CLANG_WARN_INT_CONVERSION = YES;
				CLANG_WARN_OBJC_ROOT_CLASS = YES_ERROR;
				CLANG_WARN_UNREACHABLE_CODE = YES;
				CLANG_WARN__DUPLICATE_METHOD_MATCH = YES;
				"CODE_SIGN_IDENTITY[sdk=iphoneos*]" = "iPhone Developer";
				COPY_PHASE_STRIP = NO;
				DEBUG_INFORMATION_FORMAT = "dwarf-with-dsym";
				ENABLE_NS_ASSERTIONS = NO;
				ENABLE_STRICT_OBJC_MSGSEND = YES;
				GCC_C_LANGUAGE_STANDARD = gnu99;
				GCC_NO_COMMON_BLOCKS = YES;
				GCC_WARN_64_TO_32_BIT_CONVERSION = YES;
				GCC_WARN_ABOUT_RETURN_TYPE = YES_ERROR;
				GCC_WARN_UNDECLARED_SELECTOR = YES;
				GCC_WARN_UNINITIALIZED_AUTOS = YES_AGGRESSIVE;
				GCC_WARN_UNUSED_FUNCTION = YES;
				GCC_WARN_UNUSED_VARIABLE = YES;
				IPHONEOS_DEPLOYMENT_TARGET = 9.3;
				MTL_ENABLE_DEBUG_INFO = NO;
				SDKROOT = iphoneos;
				TARGETED_DEVICE_FAMILY = "1,2";
				VALIDATE_PRODUCT = YES;
			};
			name = Release;
		};
		7727B2391D3DEC30007617CF /* Debug */ = {
			isa = XCBuildConfiguration;
			buildSettings = {
				ASSETCATALOG_COMPILER_APPICON_NAME = AppIcon;
				INFOPLIST_FILE = TableViewHey/Info.plist;
				LD_RUNPATH_SEARCH_PATHS = "$(inherited) @executable_path/Frameworks";
				PRODUCT_BUNDLE_IDENTIFIER = im.TableViewHey;
				PRODUCT_NAME = "$(TARGET_NAME)";
			};
			name = Debug;
		};
		7727B23A1D3DEC30007617CF /* Release */ = {
			isa = XCBuildConfiguration;
			buildSettings = {
				ASSETCATALOG_COMPILER_APPICON_NAME = AppIcon;
				INFOPLIST_FILE = TableViewHey/Info.plist;
				LD_RUNPATH_SEARCH_PATHS = "$(inherited) @executable_path/Frameworks";
				PRODUCT_BUNDLE_IDENTIFIER = im.TableViewHey;
				PRODUCT_NAME = "$(TARGET_NAME)";
			};
			name = Release;
		};
/* End XCBuildConfiguration section */

/* Begin XCConfigurationList section */
		7727B2211D3DEC30007617CF /* Build configuration list for PBXProject "TableViewHey" */ = {
			isa = XCConfigurationList;
			buildConfigurations = (
				7727B2361D3DEC30007617CF /* Debug */,
				7727B2371D3DEC30007617CF /* Release */,
			);
			defaultConfigurationIsVisible = 0;
			defaultConfigurationName = Release;
		};
		7727B2381D3DEC30007617CF /* Build configuration list for PBXNativeTarget "TableViewHey" */ = {
			isa = XCConfigurationList;
			buildConfigurations = (
				7727B2391D3DEC30007617CF /* Debug */,
				7727B23A1D3DEC30007617CF /* Release */,
			);
			defaultConfigurationIsVisible = 0;
		};
/* End XCConfigurationList section */
	};
	rootObject = 7727B21E1D3DEC30007617CF /* Project object */;
}
